
Microsoft Visual Studio Solution File, Format Version 12.00
# Visual Studio Version 17
VisualStudioVersion = 17.5.002.0
MinimumVisualStudioVersion = 10.0.40219.1
Project("{2150E333-8FDC-42A3-9474-1A3956D46DE8}") = "kode", "kode", "{069C601F-B183-4BFF-9E25-13E050D45779}"
EndProject
Project("{2150E333-8FDC-42A3-9474-1A3956D46DE8}") = "codes", "codes", "{46C68AA5-6ACD-483D-8566-B9AD83DD96F1}"
EndProject
Project("{9A19103F-16F7-4668-BE54-9A1E7A4F7556}") = "BE", "kode\codes\BE\BE.csproj", "{A1F92846-42A3-40A4-8960-2652565E3227}"
EndProject
Global
	GlobalSection(SolutionConfigurationPlatforms) = preSolution
		Debug|Any CPU = Debug|Any CPU
		Release|Any CPU = Release|Any CPU
	EndGlobalSection
	GlobalSection(ProjectConfigurationPlatforms) = postSolution
		{A1F92846-42A3-40A4-8960-2652565E3227}.Debug|Any CPU.ActiveCfg = Debug|Any CPU
		{A1F92846-42A3-40A4-8960-2652565E3227}.Debug|Any CPU.Build.0 = Debug|Any CPU
		{A1F92846-42A3-40A4-8960-2652565E3227}.Release|Any CPU.ActiveCfg = Release|Any CPU
		{A1F92846-42A3-40A4-8960-2652565E3227}.Release|Any CPU.Build.0 = Release|Any CPU
	EndGlobalSection
	GlobalSection(SolutionProperties) = preSolution
		HideSolutionNode = FALSE
	EndGlobalSection
	GlobalSection(NestedProjects) = preSolution
		{46C68AA5-6ACD-483D-8566-B9AD83DD96F1} = {069C601F-B183-4BFF-9E25-13E050D45779}
		{A1F92846-42A3-40A4-8960-2652565E3227} = {46C68AA5-6ACD-483D-8566-B9AD83DD96F1}
	EndGlobalSection
	GlobalSection(ExtensibilityGlobals) = postSolution
		SolutionGuid = {AB65D052-BEF0-4EDE-9E8C-2A8A27DC425A}
	EndGlobalSection
EndGlobal
